// !$*UTF8*$!
{
	archiveVersion = 1;
	classes = {
	};
	objectVersion = 56;
	objects = {

/* Begin PBXBuildFile section */
		069B12AB2B4EE2660058C22C /* SentimentAnalysisApp.swift in Sources */ = {isa = PBXBuildFile; fileRef = 069B12AA2B4EE2660058C22C /* SentimentAnalysisApp.swift */; };
		069B12AD2B4EE2660058C22C /* ContentView.swift in Sources */ = {isa = PBXBuildFile; fileRef = 069B12AC2B4EE2660058C22C /* ContentView.swift */; };
		069B12AF2B4EE2690058C22C /* Assets.xcassets in Resources */ = {isa = PBXBuildFile; fileRef = 069B12AE2B4EE2690058C22C /* Assets.xcassets */; };
		069B12B22B4EE2690058C22C /* Preview Assets.xcassets in Resources */ = {isa = PBXBuildFile; fileRef = 069B12B12B4EE2690058C22C /* Preview Assets.xcassets */; };
		069B12BC2B4EE2690058C22C /* SentimentAnalysisTests.swift in Sources */ = {isa = PBXBuildFile; fileRef = 069B12BB2B4EE2690058C22C /* SentimentAnalysisTests.swift */; };
		069B12C62B4EE2690058C22C /* SentimentAnalysisUITests.swift in Sources */ = {isa = PBXBuildFile; fileRef = 069B12C52B4EE2690058C22C /* SentimentAnalysisUITests.swift */; };
		069B12C82B4EE2690058C22C /* SentimentAnalysisUITestsLaunchTests.swift in Sources */ = {isa = PBXBuildFile; fileRef = 069B12C72B4EE2690058C22C /* SentimentAnalysisUITestsLaunchTests.swift */; };
		BB36B07E2B6C3397009AC442 /* SentimentAnalysis_1.mlmodel in Sources */ = {isa = PBXBuildFile; fileRef = BB36B07D2B6C3397009AC442 /* SentimentAnalysis_1.mlmodel */; };
/* End PBXBuildFile section */

/* Begin PBXContainerItemProxy section */
		069B12B82B4EE2690058C22C /* PBXContainerItemProxy */ = {
			isa = PBXContainerItemProxy;
			containerPortal = 069B129F2B4EE2660058C22C /* Project object */;
			proxyType = 1;
			remoteGlobalIDString = 069B12A62B4EE2660058C22C;
			remoteInfo = SentimentAnalysis;
		};
		069B12C22B4EE2690058C22C /* PBXContainerItemProxy */ = {
			isa = PBXContainerItemProxy;
			containerPortal = 069B129F2B4EE2660058C22C /* Project object */;
			proxyType = 1;
			remoteGlobalIDString = 069B12A62B4EE2660058C22C;
			remoteInfo = SentimentAnalysis;
		};
/* End PBXContainerItemProxy section */

/* Begin PBXFileReference section */
		069B12A72B4EE2660058C22C /* SentimentAnalysis.app */ = {isa = PBXFileReference; explicitFileType = wrapper.application; includeInIndex = 0; path = SentimentAnalysis.app; sourceTree = BUILT_PRODUCTS_DIR; };
		069B12AA2B4EE2660058C22C /* SentimentAnalysisApp.swift */ = {isa = PBXFileReference; lastKnownFileType = sourcecode.swift; path = SentimentAnalysisApp.swift; sourceTree = "<group>"; };
		069B12AC2B4EE2660058C22C /* ContentView.swift */ = {isa = PBXFileReference; lastKnownFileType = sourcecode.swift; path = ContentView.swift; sourceTree = "<group>"; };
		069B12AE2B4EE2690058C22C /* Assets.xcassets */ = {isa = PBXFileReference; lastKnownFileType = folder.assetcatalog; path = Assets.xcassets; sourceTree = "<group>"; };
		069B12B12B4EE2690058C22C /* Preview Assets.xcassets */ = {isa = PBXFileReference; lastKnownFileType = folder.assetcatalog; path = "Preview Assets.xcassets"; sourceTree = "<group>"; };
		069B12B72B4EE2690058C22C /* SentimentAnalysisTests.xctest */ = {isa = PBXFileReference; explicitFileType = wrapper.cfbundle; includeInIndex = 0; path = SentimentAnalysisTests.xctest; sourceTree = BUILT_PRODUCTS_DIR; };
		069B12BB2B4EE2690058C22C /* SentimentAnalysisTests.swift */ = {isa = PBXFileReference; lastKnownFileType = sourcecode.swift; path = SentimentAnalysisTests.swift; sourceTree = "<group>"; };
		069B12C12B4EE2690058C22C /* SentimentAnalysisUITests.xctest */ = {isa = PBXFileReference; explicitFileType = wrapper.cfbundle; includeInIndex = 0; path = SentimentAnalysisUITests.xctest; sourceTree = BUILT_PRODUCTS_DIR; };
		069B12C52B4EE2690058C22C /* SentimentAnalysisUITests.swift */ = {isa = PBXFileReference; lastKnownFileType = sourcecode.swift; path = SentimentAnalysisUITests.swift; sourceTree = "<group>"; };
		069B12C72B4EE2690058C22C /* SentimentAnalysisUITestsLaunchTests.swift */ = {isa = PBXFileReference; lastKnownFileType = sourcecode.swift; path = SentimentAnalysisUITestsLaunchTests.swift; sourceTree = "<group>"; };
		BB36B07D2B6C3397009AC442 /* SentimentAnalysis_1.mlmodel */ = {isa = PBXFileReference; lastKnownFileType = file.mlmodel; name = SentimentAnalysis_1.mlmodel; path = ../../../../../Downloads/SentimentAnalysis_1.mlmodel; sourceTree = "<group>"; };
/* End PBXFileReference section */

/* Begin PBXFrameworksBuildPhase section */
		069B12A42B4EE2660058C22C /* Frameworks */ = {
			isa = PBXFrameworksBuildPhase;
			buildActionMask = 2147483647;
			files = (
			);
			runOnlyForDeploymentPostprocessing = 0;
		};
		069B12B42B4EE2690058C22C /* Frameworks */ = {
			isa = PBXFrameworksBuildPhase;
			buildActionMask = 2147483647;
			files = (
			);
			runOnlyForDeploymentPostprocessing = 0;
		};
		069B12BE2B4EE2690058C22C /* Frameworks */ = {
			isa = PBXFrameworksBuildPhase;
			buildActionMask = 2147483647;
			files = (
			);
			runOnlyForDeploymentPostprocessing = 0;
		};
/* End PBXFrameworksBuildPhase section */

/* Begin PBXGroup section */
		069B129E2B4EE2660058C22C = {
			isa = PBXGroup;
			children = (
				069B12A92B4EE2660058C22C /* SentimentAnalysis */,
				069B12BA2B4EE2690058C22C /* SentimentAnalysisTests */,
				069B12C42B4EE2690058C22C /* SentimentAnalysisUITests */,
				069B12A82B4EE2660058C22C /* Products */,
			);
			sourceTree = "<group>";
		};
		069B12A82B4EE2660058C22C /* Products */ = {
			isa = PBXGroup;
			children = (
				069B12A72B4EE2660058C22C /* SentimentAnalysis.app */,
				069B12B72B4EE2690058C22C /* SentimentAnalysisTests.xctest */,
				069B12C12B4EE2690058C22C /* SentimentAnalysisUITests.xctest */,
			);
			name = Products;
			sourceTree = "<group>";
		};
		069B12A92B4EE2660058C22C /* SentimentAnalysis */ = {
			isa = PBXGroup;
			children = (
				BB36B07D2B6C3397009AC442 /* SentimentAnalysis_1.mlmodel */,
				069B12AA2B4EE2660058C22C /* SentimentAnalysisApp.swift */,
				069B12AC2B4EE2660058C22C /* ContentView.swift */,
				069B12AE2B4EE2690058C22C /* Assets.xcassets */,
				069B12B02B4EE2690058C22C /* Preview Content */,
			);
			path = SentimentAnalysis;
			sourceTree = "<group>";
		};
		069B12B02B4EE2690058C22C /* Preview Content */ = {
			isa = PBXGroup;
			children = (
				069B12B12B4EE2690058C22C /* Preview Assets.xcassets */,
			);
			path = "Preview Content";
			sourceTree = "<group>";
		};
		069B12BA2B4EE2690058C22C /* SentimentAnalysisTests */ = {
			isa = PBXGroup;
			children = (
				069B12BB2B4EE2690058C22C /* SentimentAnalysisTests.swift */,
			);
			path = SentimentAnalysisTests;
			sourceTree = "<group>";
		};
		069B12C42B4EE2690058C22C /* SentimentAnalysisUITests */ = {
			isa = PBXGroup;
			children = (
				069B12C52B4EE2690058C22C /* SentimentAnalysisUITests.swift */,
				069B12C72B4EE2690058C22C /* SentimentAnalysisUITestsLaunchTests.swift */,
			);
			path = SentimentAnalysisUITests;
			sourceTree = "<group>";
		};
/* End PBXGroup section */

/* Begin PBXNativeTarget section */
		069B12A62B4EE2660058C22C /* SentimentAnalysis */ = {
			isa = PBXNativeTarget;
			buildConfigurationList = 069B12CB2B4EE2690058C22C /* Build configuration list for PBXNativeTarget "SentimentAnalysis" */;
			buildPhases = (
				069B12A32B4EE2660058C22C /* Sources */,
				069B12A42B4EE2660058C22C /* Frameworks */,
				069B12A52B4EE2660058C22C /* Resources */,
			);
			buildRules = (
			);
			dependencies = (
			);
			name = SentimentAnalysis;
			productName = SentimentAnalysis;
			productReference = 069B12A72B4EE2660058C22C /* SentimentAnalysis.app */;
			productType = "com.apple.product-type.application";
		};
		069B12B62B4EE2690058C22C /* SentimentAnalysisTests */ = {
			isa = PBXNativeTarget;
			buildConfigurationList = 069B12CE2B4EE2690058C22C /* Build configuration list for PBXNativeTarget "SentimentAnalysisTests" */;
			buildPhases = (
				069B12B32B4EE2690058C22C /* Sources */,
				069B12B42B4EE2690058C22C /* Frameworks */,
				069B12B52B4EE2690058C22C /* Resources */,
			);
			buildRules = (
			);
			dependencies = (
				069B12B92B4EE2690058C22C /* PBXTargetDependency */,
			);
			name = SentimentAnalysisTests;
			productName = SentimentAnalysisTests;
			productReference = 069B12B72B4EE2690058C22C /* SentimentAnalysisTests.xctest */;
			productType = "com.apple.product-type.bundle.unit-test";
		};
		069B12C02B4EE2690058C22C /* SentimentAnalysisUITests */ = {
			isa = PBXNativeTarget;
			buildConfigurationList = 069B12D12B4EE2690058C22C /* Build configuration list for PBXNativeTarget "SentimentAnalysisUITests" */;
			buildPhases = (
				069B12BD2B4EE2690058C22C /* Sources */,
				069B12BE2B4EE2690058C22C /* Frameworks */,
				069B12BF2B4EE2690058C22C /* Resources */,
			);
			buildRules = (
			);
			dependencies = (
				069B12C32B4EE2690058C22C /* PBXTargetDependency */,
			);
			name = SentimentAnalysisUITests;
			productName = SentimentAnalysisUITests;
			productReference = 069B12C12B4EE2690058C22C /* SentimentAnalysisUITests.xctest */;
			productType = "com.apple.product-type.bundle.ui-testing";
		};
/* End PBXNativeTarget section */

/* Begin PBXProject section */
		069B129F2B4EE2660058C22C /* Project object */ = {
			isa = PBXProject;
			attributes = {
				BuildIndependentTargetsInParallel = 1;
				LastSwiftUpdateCheck = 1510;
				LastUpgradeCheck = 1510;
				TargetAttributes = {
					069B12A62B4EE2660058C22C = {
						CreatedOnToolsVersion = 15.1;
					};
					069B12B62B4EE2690058C22C = {
						CreatedOnToolsVersion = 15.1;
						TestTargetID = 069B12A62B4EE2660058C22C;
					};
					069B12C02B4EE2690058C22C = {
						CreatedOnToolsVersion = 15.1;
						TestTargetID = 069B12A62B4EE2660058C22C;
					};
				};
			};
			buildConfigurationList = 069B12A22B4EE2660058C22C /* Build configuration list for PBXProject "SentimentAnalysis" */;
			compatibilityVersion = "Xcode 14.0";
			developmentRegion = en;
			hasScannedForEncodings = 0;
			knownRegions = (
				en,
				Base,
			);
			mainGroup = 069B129E2B4EE2660058C22C;
			productRefGroup = 069B12A82B4EE2660058C22C /* Products */;
			projectDirPath = "";
			projectRoot = "";
			targets = (
				069B12A62B4EE2660058C22C /* SentimentAnalysis */,
				069B12B62B4EE2690058C22C /* SentimentAnalysisTests */,
				069B12C02B4EE2690058C22C /* SentimentAnalysisUITests */,
			);
		};
/* End PBXProject section */

/* Begin PBXResourcesBuildPhase section */
		069B12A52B4EE2660058C22C /* Resources */ = {
			isa = PBXResourcesBuildPhase;
			buildActionMask = 2147483647;
			files = (
				069B12B22B4EE2690058C22C /* Preview Assets.xcassets in Resources */,
				069B12AF2B4EE2690058C22C /* Assets.xcassets in Resources */,
			);
			runOnlyForDeploymentPostprocessing = 0;
		};
		069B12B52B4EE2690058C22C /* Resources */ = {
			isa = PBXResourcesBuildPhase;
			buildActionMask = 2147483647;
			files = (
			);
			runOnlyForDeploymentPostprocessing = 0;
		};
		069B12BF2B4EE2690058C22C /* Resources */ = {
			isa = PBXResourcesBuildPhase;
			buildActionMask = 2147483647;
			files = (
			);
			runOnlyForDeploymentPostprocessing = 0;
		};
/* End PBXResourcesBuildPhase section */

/* Begin PBXSourcesBuildPhase section */
		069B12A32B4EE2660058C22C /* Sources */ = {
			isa = PBXSourcesBuildPhase;
			buildActionMask = 2147483647;
			files = (
				069B12AD2B4EE2660058C22C /* ContentView.swift in Sources */,
				BB36B07E2B6C3397009AC442 /* SentimentAnalysis_1.mlmodel in Sources */,
				069B12AB2B4EE2660058C22C /* SentimentAnalysisApp.swift in Sources */,
			);
			runOnlyForDeploymentPostprocessing = 0;
		};
		069B12B32B4EE2690058C22C /* Sources */ = {
			isa = PBXSourcesBuildPhase;
			buildActionMask = 2147483647;
			files = (
				069B12BC2B4EE2690058C22C /* SentimentAnalysisTests.swift in Sources */,
			);
			runOnlyForDeploymentPostprocessing = 0;
		};
		069B12BD2B4EE2690058C22C /* Sources */ = {
			isa = PBXSourcesBuildPhase;
			buildActionMask = 2147483647;
			files = (
				069B12C82B4EE2690058C22C /* SentimentAnalysisUITestsLaunchTests.swift in Sources */,
				069B12C62B4EE2690058C22C /* SentimentAnalysisUITests.swift in Sources */,
			);
			runOnlyForDeploymentPostprocessing = 0;
		};
/* End PBXSourcesBuildPhase section */

/* Begin PBXTargetDependency section */
		069B12B92B4EE2690058C22C /* PBXTargetDependency */ = {
			isa = PBXTargetDependency;
			target = 069B12A62B4EE2660058C22C /* SentimentAnalysis */;
			targetProxy = 069B12B82B4EE2690058C22C /* PBXContainerItemProxy */;
		};
		069B12C32B4EE2690058C22C /* PBXTargetDependency */ = {
			isa = PBXTargetDependency;
			target = 069B12A62B4EE2660058C22C /* SentimentAnalysis */;
			targetProxy = 069B12C22B4EE2690058C22C /* PBXContainerItemProxy */;
		};
/* End PBXTargetDependency section */

/* Begin XCBuildConfiguration section */
		069B12C92B4EE2690058C22C /* Debug */ = {
			isa = XCBuildConfiguration;
			buildSettings = {
				ALWAYS_SEARCH_USER_PATHS = NO;
				ASSETCATALOG_COMPILER_GENERATE_SWIFT_ASSET_SYMBOL_EXTENSIONS = YES;
				CLANG_ANALYZER_NONNULL = YES;
				CLANG_ANALYZER_NUMBER_OBJECT_CONVERSION = YES_AGGRESSIVE;
				CLANG_CXX_LANGUAGE_STANDARD = "gnu++20";
				CLANG_ENABLE_MODULES = YES;
				CLANG_ENABLE_OBJC_ARC = YES;
				CLANG_ENABLE_OBJC_WEAK = YES;
				CLANG_WARN_BLOCK_CAPTURE_AUTORELEASING = YES;
				CLANG_WARN_BOOL_CONVERSION = YES;
				CLANG_WARN_COMMA = YES;
				CLANG_WARN_CONSTANT_CONVERSION = YES;
				CLANG_WARN_DEPRECATED_OBJC_IMPLEMENTATIONS = YES;
				CLANG_WARN_DIRECT_OBJC_ISA_USAGE = YES_ERROR;
				CLANG_WARN_DOCUMENTATION_COMMENTS = YES;
				CLANG_WARN_EMPTY_BODY = YES;
				CLANG_WARN_ENUM_CONVERSION = YES;
				CLANG_WARN_INFINITE_RECURSION = YES;
				CLANG_WARN_INT_CONVERSION = YES;
				CLANG_WARN_NON_LITERAL_NULL_CONVERSION = YES;
				CLANG_WARN_OBJC_IMPLICIT_RETAIN_SELF = YES;
				CLANG_WARN_OBJC_LITERAL_CONVERSION = YES;
				CLANG_WARN_OBJC_ROOT_CLASS = YES_ERROR;
				CLANG_WARN_QUOTED_INCLUDE_IN_FRAMEWORK_HEADER = YES;
				CLANG_WARN_RANGE_LOOP_ANALYSIS = YES;
				CLANG_WARN_STRICT_PROTOTYPES = YES;
				CLANG_WARN_SUSPICIOUS_MOVE = YES;
				CLANG_WARN_UNGUARDED_AVAILABILITY = YES_AGGRESSIVE;
				CLANG_WARN_UNREACHABLE_CODE = YES;
				CLANG_WARN__DUPLICATE_METHOD_MATCH = YES;
				COPY_PHASE_STRIP = NO;
				DEBUG_INFORMATION_FORMAT = dwarf;
				ENABLE_STRICT_OBJC_MSGSEND = YES;
				ENABLE_TESTABILITY = YES;
				ENABLE_USER_SCRIPT_SANDBOXING = YES;
				GCC_C_LANGUAGE_STANDARD = gnu17;
				GCC_DYNAMIC_NO_PIC = NO;
				GCC_NO_COMMON_BLOCKS = YES;
				GCC_OPTIMIZATION_LEVEL = 0;
				GCC_PREPROCESSOR_DEFINITIONS = (
					"DEBUG=1",
					"$(inherited)",
				);
				GCC_WARN_64_TO_32_BIT_CONVERSION = YES;
				GCC_WARN_ABOUT_RETURN_TYPE = YES_ERROR;
				GCC_WARN_UNDECLARED_SELECTOR = YES;
				GCC_WARN_UNINITIALIZED_AUTOS = YES_AGGRESSIVE;
				GCC_WARN_UNUSED_FUNCTION = YES;
				GCC_WARN_UNUSED_VARIABLE = YES;
				IPHONEOS_DEPLOYMENT_TARGET = 17.2;
				LOCALIZATION_PREFERS_STRING_CATALOGS = YES;
				MTL_ENABLE_DEBUG_INFO = INCLUDE_SOURCE;
				MTL_FAST_MATH = YES;
				ONLY_ACTIVE_ARCH = YES;
				SDKROOT = iphoneos;
				SWIFT_ACTIVE_COMPILATION_CONDITIONS = "DEBUG $(inherited)";
				SWIFT_OPTIMIZATION_LEVEL = "-Onone";
			};
			name = Debug;
		};
		069B12CA2B4EE2690058C22C /* Release */ = {
			isa = XCBuildConfiguration;
			buildSettings = {
				ALWAYS_SEARCH_USER_PATHS = NO;
				ASSETCATALOG_COMPILER_GENERATE_SWIFT_ASSET_SYMBOL_EXTENSIONS = YES;
				CLANG_ANALYZER_NONNULL = YES;
				CLANG_ANALYZER_NUMBER_OBJECT_CONVERSION = YES_AGGRESSIVE;
				CLANG_CXX_LANGUAGE_STANDARD = "gnu++20";
				CLANG_ENABLE_MODULES = YES;
				CLANG_ENABLE_OBJC_ARC = YES;
				CLANG_ENABLE_OBJC_WEAK = YES;
				CLANG_WARN_BLOCK_CAPTURE_AUTORELEASING = YES;
				CLANG_WARN_BOOL_CONVERSION = YES;
				CLANG_WARN_COMMA = YES;
				CLANG_WARN_CONSTANT_CONVERSION = YES;
				CLANG_WARN_DEPRECATED_OBJC_IMPLEMENTATIONS = YES;
				CLANG_WARN_DIRECT_OBJC_ISA_USAGE = YES_ERROR;
				CLANG_WARN_DOCUMENTATION_COMMENTS = YES;
				CLANG_WARN_EMPTY_BODY = YES;
				CLANG_WARN_ENUM_CONVERSION = YES;
				CLANG_WARN_INFINITE_RECURSION = YES;
				CLANG_WARN_INT_CONVERSION = YES;
				CLANG_WARN_NON_LITERAL_NULL_CONVERSION = YES;
				CLANG_WARN_OBJC_IMPLICIT_RETAIN_SELF = YES;
				CLANG_WARN_OBJC_LITERAL_CONVERSION = YES;
				CLANG_WARN_OBJC_ROOT_CLASS = YES_ERROR;
				CLANG_WARN_QUOTED_INCLUDE_IN_FRAMEWORK_HEADER = YES;
				CLANG_WARN_RANGE_LOOP_ANALYSIS = YES;
				CLANG_WARN_STRICT_PROTOTYPES = YES;
				CLANG_WARN_SUSPICIOUS_MOVE = YES;
				CLANG_WARN_UNGUARDED_AVAILABILITY = YES_AGGRESSIVE;
				CLANG_WARN_UNREACHABLE_CODE = YES;
				CLANG_WARN__DUPLICATE_METHOD_MATCH = YES;
				COPY_PHASE_STRIP = NO;
				DEBUG_INFORMATION_FORMAT = "dwarf-with-dsym";
				ENABLE_NS_ASSERTIONS = NO;
				ENABLE_STRICT_OBJC_MSGSEND = YES;
				ENABLE_USER_SCRIPT_SANDBOXING = YES;
				GCC_C_LANGUAGE_STANDARD = gnu17;
				GCC_NO_COMMON_BLOCKS = YES;
				GCC_WARN_64_TO_32_BIT_CONVERSION = YES;
				GCC_WARN_ABOUT_RETURN_TYPE = YES_ERROR;
				GCC_WARN_UNDECLARED_SELECTOR = YES;
				GCC_WARN_UNINITIALIZED_AUTOS = YES_AGGRESSIVE;
				GCC_WARN_UNUSED_FUNCTION = YES;
				GCC_WARN_UNUSED_VARIABLE = YES;
				IPHONEOS_DEPLOYMENT_TARGET = 17.2;
				LOCALIZATION_PREFERS_STRING_CATALOGS = YES;
				MTL_ENABLE_DEBUG_INFO = NO;
				MTL_FAST_MATH = YES;
				SDKROOT = iphoneos;
				SWIFT_COMPILATION_MODE = wholemodule;
				VALIDATE_PRODUCT = YES;
			};
			name = Release;
		};
		069B12CC2B4EE2690058C22C /* Debug */ = {
			isa = XCBuildConfiguration;
			buildSettings = {
				ASSETCATALOG_COMPILER_APPICON_NAME = AppIcon;
				ASSETCATALOG_COMPILER_GLOBAL_ACCENT_COLOR_NAME = AccentColor;
				CODE_SIGN_STYLE = Automatic;
				CURRENT_PROJECT_VERSION = 1;
				DEVELOPMENT_ASSET_PATHS = "\"SentimentAnalysis/Preview Content\"";
				ENABLE_PREVIEWS = YES;
				GENERATE_INFOPLIST_FILE = YES;
				INFOPLIST_KEY_UIApplicationSceneManifest_Generation = YES;
				INFOPLIST_KEY_UIApplicationSupportsIndirectInputEvents = YES;
				INFOPLIST_KEY_UILaunchScreen_Generation = YES;
				INFOPLIST_KEY_UISupportedInterfaceOrientations_iPad = "UIInterfaceOrientationPortrait UIInterfaceOrientationPortraitUpsideDown UIInterfaceOrientationLandscapeLeft UIInterfaceOrientationLandscapeRight";
				INFOPLIST_KEY_UISupportedInterfaceOrientations_iPhone = "UIInterfaceOrientationPortrait UIInterfaceOrientationLandscapeLeft UIInterfaceOrientationLandscapeRight";
				LD_RUNPATH_SEARCH_PATHS = (
					"$(inherited)",
					"@executable_path/Frameworks",
				);
				MARKETING_VERSION = 1.0;
				PRODUCT_BUNDLE_IDENTIFIER = phothinh.SentimentAnalysis;
				PRODUCT_NAME = "$(TARGET_NAME)";
				SWIFT_EMIT_LOC_STRINGS = YES;
				SWIFT_VERSION = 5.0;
				TARGETED_DEVICE_FAMILY = "1,2";
			};
			name = Debug;
		};
		069B12CD2B4EE2690058C22C /* Release */ = {
			isa = XCBuildConfiguration;
			buildSettings = {
				ASSETCATALOG_COMPILER_APPICON_NAME = AppIcon;
				ASSETCATALOG_COMPILER_GLOBAL_ACCENT_COLOR_NAME = AccentColor;
				CODE_SIGN_STYLE = Automatic;
				CURRENT_PROJECT_VERSION = 1;
				DEVELOPMENT_ASSET_PATHS = "\"SentimentAnalysis/Preview Content\"";
				ENABLE_PREVIEWS = YES;
				GENERATE_INFOPLIST_FILE = YES;
				INFOPLIST_KEY_UIApplicationSceneManifest_Generation = YES;
				INFOPLIST_KEY_UIApplicationSupportsIndirectInputEvents = YES;
				INFOPLIST_KEY_UILaunchScreen_Generation = YES;
				INFOPLIST_KEY_UISupportedInterfaceOrientations_iPad = "UIInterfaceOrientationPortrait UIInterfaceOrientationPortraitUpsideDown UIInterfaceOrientationLandscapeLeft UIInterfaceOrientationLandscapeRight";
				INFOPLIST_KEY_UISupportedInterfaceOrientations_iPhone = "UIInterfaceOrientationPortrait UIInterfaceOrientationLandscapeLeft UIInterfaceOrientationLandscapeRight";
				LD_RUNPATH_SEARCH_PATHS = (
					"$(inherited)",
					"@executable_path/Frameworks",
				);
				MARKETING_VERSION = 1.0;
				PRODUCT_BUNDLE_IDENTIFIER = phothinh.SentimentAnalysis;
				PRODUCT_NAME = "$(TARGET_NAME)";
				SWIFT_EMIT_LOC_STRINGS = YES;
				SWIFT_VERSION = 5.0;
				TARGETED_DEVICE_FAMILY = "1,2";
			};
			name = Release;
		};
		069B12CF2B4EE2690058C22C /* Debug */ = {
			isa = XCBuildConfiguration;
			buildSettings = {
				ALWAYS_EMBED_SWIFT_STANDARD_LIBRARIES = YES;
				BUNDLE_LOADER = "$(TEST_HOST)";
				CODE_SIGN_STYLE = Automatic;
				CURRENT_PROJECT_VERSION = 1;
				GENERATE_INFOPLIST_FILE = YES;
				IPHONEOS_DEPLOYMENT_TARGET = 17.2;
				MARKETING_VERSION = 1.0;
				PRODUCT_BUNDLE_IDENTIFIER = phothinh.SentimentAnalysisTests;
				PRODUCT_NAME = "$(TARGET_NAME)";
				SWIFT_EMIT_LOC_STRINGS = NO;
				SWIFT_VERSION = 5.0;
				TARGETED_DEVICE_FAMILY = "1,2";
				TEST_HOST = "$(BUILT_PRODUCTS_DIR)/SentimentAnalysis.app/$(BUNDLE_EXECUTABLE_FOLDER_PATH)/SentimentAnalysis";
			};
			name = Debug;
		};
		069B12D02B4EE2690058C22C /* Release */ = {
			isa = XCBuildConfiguration;
			buildSettings = {
				ALWAYS_EMBED_SWIFT_STANDARD_LIBRARIES = YES;
				BUNDLE_LOADER = "$(TEST_HOST)";
				CODE_SIGN_STYLE = Automatic;
				CURRENT_PROJECT_VERSION = 1;
				GENERATE_INFOPLIST_FILE = YES;
				IPHONEOS_DEPLOYMENT_TARGET = 17.2;
				MARKETING_VERSION = 1.0;
				PRODUCT_BUNDLE_IDENTIFIER = phothinh.SentimentAnalysisTests;
				PRODUCT_NAME = "$(TARGET_NAME)";
				SWIFT_EMIT_LOC_STRINGS = NO;
				SWIFT_VERSION = 5.0;
				TARGETED_DEVICE_FAMILY = "1,2";
				TEST_HOST = "$(BUILT_PRODUCTS_DIR)/SentimentAnalysis.app/$(BUNDLE_EXECUTABLE_FOLDER_PATH)/SentimentAnalysis";
			};
			name = Release;
		};
		069B12D22B4EE2690058C22C /* Debug */ = {
			isa = XCBuildConfiguration;
			buildSettings = {
				ALWAYS_EMBED_SWIFT_STANDARD_LIBRARIES = YES;
				CODE_SIGN_STYLE = Automatic;
				CURRENT_PROJECT_VERSION = 1;
				GENERATE_INFOPLIST_FILE = YES;
				MARKETING_VERSION = 1.0;
				PRODUCT_BUNDLE_IDENTIFIER = phothinh.SentimentAnalysisUITests;
				PRODUCT_NAME = "$(TARGET_NAME)";
				SWIFT_EMIT_LOC_STRINGS = NO;
				SWIFT_VERSION = 5.0;
				TARGETED_DEVICE_FAMILY = "1,2";
				TEST_TARGET_NAME = SentimentAnalysis;
			};
			name = Debug;
		};
		069B12D32B4EE2690058C22C /* Release */ = {
			isa = XCBuildConfiguration;
			buildSettings = {
				ALWAYS_EMBED_SWIFT_STANDARD_LIBRARIES = YES;
				CODE_SIGN_STYLE = Automatic;
				CURRENT_PROJECT_VERSION = 1;
				GENERATE_INFOPLIST_FILE = YES;
				MARKETING_VERSION = 1.0;
				PRODUCT_BUNDLE_IDENTIFIER = phothinh.SentimentAnalysisUITests;
				PRODUCT_NAME = "$(TARGET_NAME)";
				SWIFT_EMIT_LOC_STRINGS = NO;
				SWIFT_VERSION = 5.0;
				TARGETED_DEVICE_FAMILY = "1,2";
				TEST_TARGET_NAME = SentimentAnalysis;
			};
			name = Release;
		};
/* End XCBuildConfiguration section */

/* Begin XCConfigurationList section */
		069B12A22B4EE2660058C22C /* Build configuration list for PBXProject "SentimentAnalysis" */ = {
			isa = XCConfigurationList;
			buildConfigurations = (
				069B12C92B4EE2690058C22C /* Debug */,
				069B12CA2B4EE2690058C22C /* Release */,
			);
			defaultConfigurationIsVisible = 0;
			defaultConfigurationName = Release;
		};
		069B12CB2B4EE2690058C22C /* Build configuration list for PBXNativeTarget "SentimentAnalysis" */ = {
			isa = XCConfigurationList;
			buildConfigurations = (
				069B12CC2B4EE2690058C22C /* Debug */,
				069B12CD2B4EE2690058C22C /* Release */,
			);
			defaultConfigurationIsVisible = 0;
			defaultConfigurationName = Release;
		};
		069B12CE2B4EE2690058C22C /* Build configuration list for PBXNativeTarget "SentimentAnalysisTests" */ = {
			isa = XCConfigurationList;
			buildConfigurations = (
				069B12CF2B4EE2690058C22C /* Debug */,
				069B12D02B4EE2690058C22C /* Release */,
			);
			defaultConfigurationIsVisible = 0;
			defaultConfigurationName = Release;
		};
		069B12D12B4EE2690058C22C /* Build configuration list for PBXNativeTarget "SentimentAnalysisUITests" */ = {
			isa = XCConfigurationList;
			buildConfigurations = (
				069B12D22B4EE2690058C22C /* Debug */,
				069B12D32B4EE2690058C22C /* Release */,
			);
			defaultConfigurationIsVisible = 0;
			defaultConfigurationName = Release;
		};
/* End XCConfigurationList section */
	};
	rootObject = 069B129F2B4EE2660058C22C /* Project object */;
}
